PODS:
  - Kingfisher (5.13.0):
    - Kingfisher/Core (= 5.13.0)
  - Kingfisher/Core (5.13.0)
  - SnapKit (5.0.1)
  - SwiftSoup (2.3.0)

DEPENDENCIES:
  - Kingfisher
  - SnapKit
  - SwiftSoup

SPEC REPOS:
  trunk:
    - Kingfisher
    - SnapKit
    - SwiftSoup

SPEC CHECKSUMS:
  Kingfisher: 0d334cada987fcddbe9b5cec516406e1ee9d4748
  SnapKit: 97b92857e3df3a0c71833cce143274bf6ef8e5eb
  SwiftSoup: d78683f7ea0ae5733225a9e1d3bee5b256449df4

PODFILE CHECKSUM: 7ca16ae631ae01a6245d99f9df4eadf17dd484b3

COCOAPODS: 1.8.4
