// !$*UTF8*$!
{
	archiveVersion = 1;
	classes = {
	};
	objectVersion = 51;
	objects = {

/* Begin PBXBuildFile section */
		4F7B4991E9D67411F8908997 /* Pods_FrenchVoca.framework in Frameworks */ = {isa = PBXBuildFile; fileRef = 76AF2F4438B6C98D96CC398B /* Pods_FrenchVoca.framework */; };
		E63BF87923E469BE002145A5 /* WordListViewController.swift in Sources */ = {isa = PBXBuildFile; fileRef = E63BF87823E469BE002145A5 /* WordListViewController.swift */; };
		E63BF87B23E46AF1002145A5 /* WordListSentenceCell.swift in Sources */ = {isa = PBXBuildFile; fileRef = E63BF87A23E46AF1002145A5 /* WordListSentenceCell.swift */; };
		E6627D7F23E6F31200F6AF96 /* WordListViewControllerViewModel.swift in Sources */ = {isa = PBXBuildFile; fileRef = E6627D7E23E6F31200F6AF96 /* WordListViewControllerViewModel.swift */; };
		E6C53B8D2418B99E00F0DCD4 /* InstitutViewControllerViewModel.swift in Sources */ = {isa = PBXBuildFile; fileRef = E6C53B8C2418B99E00F0DCD4 /* InstitutViewControllerViewModel.swift */; };
		E6C53B8F2418D3E600F0DCD4 /* InstitutInfoCell.swift in Sources */ = {isa = PBXBuildFile; fileRef = E6C53B8E2418D3E600F0DCD4 /* InstitutInfoCell.swift */; };
		E6C53B9124191E4300F0DCD4 /* InstitutInfoCellViewModel.swift in Sources */ = {isa = PBXBuildFile; fileRef = E6C53B9024191E4300F0DCD4 /* InstitutInfoCellViewModel.swift */; };
		E6C53B9324191EEB00F0DCD4 /* InstitutInfo.swift in Sources */ = {isa = PBXBuildFile; fileRef = E6C53B9224191EEB00F0DCD4 /* InstitutInfo.swift */; };
		E6C53B96241A166E00F0DCD4 /* InstitutDetailViewController.swift in Sources */ = {isa = PBXBuildFile; fileRef = E6C53B95241A166D00F0DCD4 /* InstitutDetailViewController.swift */; };
		E6C53B98241A193400F0DCD4 /* InstitutDetailViewControllerViewModel.swift in Sources */ = {isa = PBXBuildFile; fileRef = E6C53B97241A193400F0DCD4 /* InstitutDetailViewControllerViewModel.swift */; };
		E6D8DFAD24172FEF00398360 /* InstitutViewController.swift in Sources */ = {isa = PBXBuildFile; fileRef = E6D8DFAC24172FEF00398360 /* InstitutViewController.swift */; };
		F911EF402317AEA2009A8913 /* VocabularyNotebookVC.swift in Sources */ = {isa = PBXBuildFile; fileRef = F911EF3F2317AEA2009A8913 /* VocabularyNotebookVC.swift */; };
		F911EF422317B38D009A8913 /* VocabularyNotebookVCCell.swift in Sources */ = {isa = PBXBuildFile; fileRef = F911EF412317B38D009A8913 /* VocabularyNotebookVCCell.swift */; };
		F918C18323A7C12B002A11DA /* FrenchVoca.db in Resources */ = {isa = PBXBuildFile; fileRef = F918C18223A7C12B002A11DA /* FrenchVoca.db */; };
		F91AFB3F2241097100F435A5 /* libsqlite3.0.tbd in Frameworks */ = {isa = PBXBuildFile; fileRef = F91AFB3E2241097000F435A5 /* libsqlite3.0.tbd */; };
		F91AFB4E22410A4600F435A5 /* FMDatabasePool.m in Sources */ = {isa = PBXBuildFile; fileRef = F91AFB4322410A4400F435A5 /* FMDatabasePool.m */; };
		F91AFB4F22410A4600F435A5 /* FMResultSet.m in Sources */ = {isa = PBXBuildFile; fileRef = F91AFB4422410A4400F435A5 /* FMResultSet.m */; };
		F91AFB5022410A4600F435A5 /* FMDatabaseAdditions.m in Sources */ = {isa = PBXBuildFile; fileRef = F91AFB4822410A4500F435A5 /* FMDatabaseAdditions.m */; };
		F91AFB5122410A4600F435A5 /* FMDatabaseQueue.m in Sources */ = {isa = PBXBuildFile; fileRef = F91AFB4922410A4500F435A5 /* FMDatabaseQueue.m */; };
		F91AFB5222410A4600F435A5 /* FMDatabase.m in Sources */ = {isa = PBXBuildFile; fileRef = F91AFB4B22410A4600F435A5 /* FMDatabase.m */; };
		F91AFB5622410DB500F435A5 /* VocabularyVocaCell.swift in Sources */ = {isa = PBXBuildFile; fileRef = F91AFB5522410DB500F435A5 /* VocabularyVocaCell.swift */; };
		F91AFB5B2241C69C00F435A5 /* SubjectDAO.swift in Sources */ = {isa = PBXBuildFile; fileRef = F91AFB5A2241C69C00F435A5 /* SubjectDAO.swift */; };
		F91AFB5D2241DB6E00F435A5 /* WordDAO.swift in Sources */ = {isa = PBXBuildFile; fileRef = F91AFB5C2241DB6E00F435A5 /* WordDAO.swift */; };
		F91F62DF21F93D4A00B80433 /* AppDelegate.swift in Sources */ = {isa = PBXBuildFile; fileRef = F91F62DE21F93D4A00B80433 /* AppDelegate.swift */; };
		F91F62E121F93D4A00B80433 /* ReceptionViewController.swift in Sources */ = {isa = PBXBuildFile; fileRef = F91F62E021F93D4A00B80433 /* ReceptionViewController.swift */; };
		F91F62E621F93D4B00B80433 /* Assets.xcassets in Resources */ = {isa = PBXBuildFile; fileRef = F91F62E521F93D4B00B80433 /* Assets.xcassets */; };
		F91F62E921F93D4B00B80433 /* LaunchScreen.storyboard in Resources */ = {isa = PBXBuildFile; fileRef = F91F62E721F93D4B00B80433 /* LaunchScreen.storyboard */; };
		F91F62F521F93E9800B80433 /* WelcomeMainNoticeCell.swift in Sources */ = {isa = PBXBuildFile; fileRef = F91F62F221F93E9700B80433 /* WelcomeMainNoticeCell.swift */; };
		F91F62F621F93E9800B80433 /* WelcomeMainProfileHeader.swift in Sources */ = {isa = PBXBuildFile; fileRef = F91F62F321F93E9700B80433 /* WelcomeMainProfileHeader.swift */; };
		F91F62FB21F9EE6D00B80433 /* DELFViewController.swift in Sources */ = {isa = PBXBuildFile; fileRef = F91F62FA21F9EE6D00B80433 /* DELFViewController.swift */; };
		F936B2F22382D8A000D15624 /* SettingNotificationsVC.swift in Sources */ = {isa = PBXBuildFile; fileRef = F936B2F12382D8A000D15624 /* SettingNotificationsVC.swift */; };
		F9486C4023B728EB00B07001 /* Application.swift in Sources */ = {isa = PBXBuildFile; fileRef = F9486C3F23B728EB00B07001 /* Application.swift */; };
		F94F533A23BEE0B500CDC2F2 /* WordListPhotoCellViewModel.swift in Sources */ = {isa = PBXBuildFile; fileRef = F94F533923BEE0B500CDC2F2 /* WordListPhotoCellViewModel.swift */; };
		F960B47A23C60DFC00F488F8 /* SettingViewController.swift in Sources */ = {isa = PBXBuildFile; fileRef = F960B47923C60DFC00F488F8 /* SettingViewController.swift */; };
		F965A11923AB7F0B002A8473 /* Navigator.swift in Sources */ = {isa = PBXBuildFile; fileRef = F965A11823AB7F0B002A8473 /* Navigator.swift */; };
		F97867A3237D16E400CB0728 /* NotiSettingViewController.swift in Sources */ = {isa = PBXBuildFile; fileRef = F97867A2237D16E400CB0728 /* NotiSettingViewController.swift */; };
		F9AAFE872257226400F281CE /* SettingModifyInfoVC.swift in Sources */ = {isa = PBXBuildFile; fileRef = F9AAFE862257226400F281CE /* SettingModifyInfoVC.swift */; };
		F9AD8B46220BB5BA00EBCCCE /* MainTabBarController.swift in Sources */ = {isa = PBXBuildFile; fileRef = F9AD8B45220BB5BA00EBCCCE /* MainTabBarController.swift */; };
		F9B0D6E923B47C7200EFBBB5 /* Font.swift in Sources */ = {isa = PBXBuildFile; fileRef = F9B0D6E823B47C7200EFBBB5 /* Font.swift */; };
		F9B38F3D2251D5A2000E1CEA /* WelcomeMainNoticeNestedCell.swift in Sources */ = {isa = PBXBuildFile; fileRef = F9B38F3C2251D5A2000E1CEA /* WelcomeMainNoticeNestedCell.swift */; };
		F9B38F4322547D79000E1CEA /* SettingDefaultCell.swift in Sources */ = {isa = PBXBuildFile; fileRef = F9B38F4222547D79000E1CEA /* SettingDefaultCell.swift */; };
		F9B3988D23B4AAC2000E407D /* Anchor.swift in Sources */ = {isa = PBXBuildFile; fileRef = F9B3988C23B4AAC2000E407D /* Anchor.swift */; };
		F9B4DFA22382E87D0080DD5D /* SettingSwitchCell.swift in Sources */ = {isa = PBXBuildFile; fileRef = F9B4DFA12382E87D0080DD5D /* SettingSwitchCell.swift */; };
		F9BB5C4E226AF94F00A3679F /* SettingPeopleCollectionVC.swift in Sources */ = {isa = PBXBuildFile; fileRef = F9BB5C4D226AF94F00A3679F /* SettingPeopleCollectionVC.swift */; };
		F9BB5C50226AFB4C00A3679F /* SettingPeopleCell.swift in Sources */ = {isa = PBXBuildFile; fileRef = F9BB5C4F226AFB4C00A3679F /* SettingPeopleCell.swift */; };
		F9BB5C54226C487100A3679F /* SettingPeopleHeader.swift in Sources */ = {isa = PBXBuildFile; fileRef = F9BB5C53226C487100A3679F /* SettingPeopleHeader.swift */; };
		F9BB5C58226C55CE00A3679F /* people.swift in Sources */ = {isa = PBXBuildFile; fileRef = F9BB5C57226C55CE00A3679F /* people.swift */; };
		F9BB5C5A226C55DC00A3679F /* peopleGroup.swift in Sources */ = {isa = PBXBuildFile; fileRef = F9BB5C59226C55DC00A3679F /* peopleGroup.swift */; };
		F9BB5C5C226C55F800A3679F /* peopleGroupData.swift in Sources */ = {isa = PBXBuildFile; fileRef = F9BB5C5B226C55F800A3679F /* peopleGroupData.swift */; };
		F9BB5C63226F097C00A3679F /* Settings.bundle in Resources */ = {isa = PBXBuildFile; fileRef = F9BB5C62226F097C00A3679F /* Settings.bundle */; };
		F9BF0939225C9D170097E0CC /* UNNotiManager.swift in Sources */ = {isa = PBXBuildFile; fileRef = F9BF0938225C9D170097E0CC /* UNNotiManager.swift */; };
		F9BF093B225F34140097E0CC /* WelcomeMainWordCell.swift in Sources */ = {isa = PBXBuildFile; fileRef = F9BF093A225F34140097E0CC /* WelcomeMainWordCell.swift */; };
		F9BF093D225F344C0097E0CC /* WelcomeMainWordNestedCell.swift in Sources */ = {isa = PBXBuildFile; fileRef = F9BF093C225F344C0097E0CC /* WelcomeMainWordNestedCell.swift */; };
		F9C07B8522AE907800D0920B /* WordListPhotoCell.swift in Sources */ = {isa = PBXBuildFile; fileRef = F9C07B8422AE907800D0920B /* WordListPhotoCell.swift */; };
		F9D0E4572219780200BE4815 /* EnrollmentViewController.swift in Sources */ = {isa = PBXBuildFile; fileRef = F9D0E4562219780200BE4815 /* EnrollmentViewController.swift */; };
		F9E13884220B0CEA00DDE7B3 /* Vocabulary.storyboard in Resources */ = {isa = PBXBuildFile; fileRef = F9E13883220B0CEA00DDE7B3 /* Vocabulary.storyboard */; };
		F9E13888220B0D5A00DDE7B3 /* VocabularySubjectListVC.swift in Sources */ = {isa = PBXBuildFile; fileRef = F9E13887220B0D5A00DDE7B3 /* VocabularySubjectListVC.swift */; };
		F9E1388E220B1C0B00DDE7B3 /* VocabularySubjectListHeader.swift in Sources */ = {isa = PBXBuildFile; fileRef = F9E1388D220B1C0B00DDE7B3 /* VocabularySubjectListHeader.swift */; };
		F9E8346023B2F56A006C0F4E /* ViewController.swift in Sources */ = {isa = PBXBuildFile; fileRef = F9E8345F23B2F56A006C0F4E /* ViewController.swift */; };
		F9E8346223B30453006C0F4E /* NavigationController.swift in Sources */ = {isa = PBXBuildFile; fileRef = F9E8346123B30453006C0F4E /* NavigationController.swift */; };
		F9E8346423B352D5006C0F4E /* CollectionViewCell.swift in Sources */ = {isa = PBXBuildFile; fileRef = F9E8346323B352D5006C0F4E /* CollectionViewCell.swift */; };
		F9E8346623B43B9A006C0F4E /* TableViewCell.swift in Sources */ = {isa = PBXBuildFile; fileRef = F9E8346523B43B99006C0F4E /* TableViewCell.swift */; };
		F9E8346D23B4402D006C0F4E /* Color.swift in Sources */ = {isa = PBXBuildFile; fileRef = F9E8346C23B4402D006C0F4E /* Color.swift */; };
		F9E8346F23B453F7006C0F4E /* Tools.swift in Sources */ = {isa = PBXBuildFile; fileRef = F9E8346E23B453F7006C0F4E /* Tools.swift */; };
		F9F1E2E523881BFC0084DE34 /* Synthesizer.swift in Sources */ = {isa = PBXBuildFile; fileRef = F9F1E2E423881BFC0084DE34 /* Synthesizer.swift */; };
		F9F1EFE023BB38D60026ACA0 /* SubjectListCellViewModel.swift in Sources */ = {isa = PBXBuildFile; fileRef = F9F1EFDF23BB38D60026ACA0 /* SubjectListCellViewModel.swift */; };
		F9F1EFE223BB475C0026ACA0 /* WordListSentenceCellViewModel.swift in Sources */ = {isa = PBXBuildFile; fileRef = F9F1EFE123BB475C0026ACA0 /* WordListSentenceCellViewModel.swift */; };
		F9F88DF62383E2700098C310 /* WordListVoiceSettingViewController.swift in Sources */ = {isa = PBXBuildFile; fileRef = F9F88DF52383E2700098C310 /* WordListVoiceSettingViewController.swift */; };
		F9FFEB982209C60B00F05E98 /* FLEXViewController.swift in Sources */ = {isa = PBXBuildFile; fileRef = F9FFEB972209C60B00F05E98 /* FLEXViewController.swift */; };
		F9FFEB9B2209D8EF00F05E98 /* SignInViewController.swift in Sources */ = {isa = PBXBuildFile; fileRef = F9FFEB9A2209D8EF00F05E98 /* SignInViewController.swift */; };
/* End PBXBuildFile section */

/* Begin PBXFileReference section */
		3CD8A931643B4E73B4BA260B /* Pods-FrenchVoca.release.xcconfig */ = {isa = PBXFileReference; includeInIndex = 1; lastKnownFileType = text.xcconfig; name = "Pods-FrenchVoca.release.xcconfig"; path = "Pods/Target Support Files/Pods-FrenchVoca/Pods-FrenchVoca.release.xcconfig"; sourceTree = "<group>"; };
		69229CDDC797392F5E828F6D /* Pods-FrenchVoca.debug.xcconfig */ = {isa = PBXFileReference; includeInIndex = 1; lastKnownFileType = text.xcconfig; name = "Pods-FrenchVoca.debug.xcconfig"; path = "Pods/Target Support Files/Pods-FrenchVoca/Pods-FrenchVoca.debug.xcconfig"; sourceTree = "<group>"; };
		76AF2F4438B6C98D96CC398B /* Pods_FrenchVoca.framework */ = {isa = PBXFileReference; explicitFileType = wrapper.framework; includeInIndex = 0; path = Pods_FrenchVoca.framework; sourceTree = BUILT_PRODUCTS_DIR; };
		E63BF87823E469BE002145A5 /* WordListViewController.swift */ = {isa = PBXFileReference; lastKnownFileType = sourcecode.swift; path = WordListViewController.swift; sourceTree = "<group>"; };
		E63BF87A23E46AF1002145A5 /* WordListSentenceCell.swift */ = {isa = PBXFileReference; lastKnownFileType = sourcecode.swift; path = WordListSentenceCell.swift; sourceTree = "<group>"; };
		E6627D7E23E6F31200F6AF96 /* WordListViewControllerViewModel.swift */ = {isa = PBXFileReference; lastKnownFileType = sourcecode.swift; path = WordListViewControllerViewModel.swift; sourceTree = "<group>"; };
		E6C53B8C2418B99E00F0DCD4 /* InstitutViewControllerViewModel.swift */ = {isa = PBXFileReference; lastKnownFileType = sourcecode.swift; path = InstitutViewControllerViewModel.swift; sourceTree = "<group>"; };
		E6C53B8E2418D3E600F0DCD4 /* InstitutInfoCell.swift */ = {isa = PBXFileReference; lastKnownFileType = sourcecode.swift; path = InstitutInfoCell.swift; sourceTree = "<group>"; };
		E6C53B9024191E4300F0DCD4 /* InstitutInfoCellViewModel.swift */ = {isa = PBXFileReference; lastKnownFileType = sourcecode.swift; path = InstitutInfoCellViewModel.swift; sourceTree = "<group>"; };
		E6C53B9224191EEB00F0DCD4 /* InstitutInfo.swift */ = {isa = PBXFileReference; lastKnownFileType = sourcecode.swift; path = InstitutInfo.swift; sourceTree = "<group>"; };
		E6C53B95241A166D00F0DCD4 /* InstitutDetailViewController.swift */ = {isa = PBXFileReference; lastKnownFileType = sourcecode.swift; path = InstitutDetailViewController.swift; sourceTree = "<group>"; };
		E6C53B97241A193400F0DCD4 /* InstitutDetailViewControllerViewModel.swift */ = {isa = PBXFileReference; lastKnownFileType = sourcecode.swift; path = InstitutDetailViewControllerViewModel.swift; sourceTree = "<group>"; };
		E6D8DFAC24172FEF00398360 /* InstitutViewController.swift */ = {isa = PBXFileReference; lastKnownFileType = sourcecode.swift; path = InstitutViewController.swift; sourceTree = "<group>"; };
		F911EF3F2317AEA2009A8913 /* VocabularyNotebookVC.swift */ = {isa = PBXFileReference; lastKnownFileType = sourcecode.swift; path = VocabularyNotebookVC.swift; sourceTree = "<group>"; };
		F911EF412317B38D009A8913 /* VocabularyNotebookVCCell.swift */ = {isa = PBXFileReference; lastKnownFileType = sourcecode.swift; path = VocabularyNotebookVCCell.swift; sourceTree = "<group>"; };
		F918C18223A7C12B002A11DA /* FrenchVoca.db */ = {isa = PBXFileReference; lastKnownFileType = file; path = FrenchVoca.db; sourceTree = "<group>"; };
		F91AFB3E2241097000F435A5 /* libsqlite3.0.tbd */ = {isa = PBXFileReference; lastKnownFileType = "sourcecode.text-based-dylib-definition"; name = libsqlite3.0.tbd; path = usr/lib/libsqlite3.0.tbd; sourceTree = SDKROOT; };
		F91AFB4022410A4200F435A5 /* FrenchVoca-Bridging-Header.h */ = {isa = PBXFileReference; lastKnownFileType = sourcecode.c.h; path = "FrenchVoca-Bridging-Header.h"; sourceTree = "<group>"; };
		F91AFB4122410A4300F435A5 /* FMResultSet.h */ = {isa = PBXFileReference; fileEncoding = 4; lastKnownFileType = sourcecode.c.h; path = FMResultSet.h; sourceTree = "<group>"; };
		F91AFB4322410A4400F435A5 /* FMDatabasePool.m */ = {isa = PBXFileReference; fileEncoding = 4; lastKnownFileType = sourcecode.c.objc; path = FMDatabasePool.m; sourceTree = "<group>"; };
		F91AFB4422410A4400F435A5 /* FMResultSet.m */ = {isa = PBXFileReference; fileEncoding = 4; lastKnownFileType = sourcecode.c.objc; path = FMResultSet.m; sourceTree = "<group>"; };
		F91AFB4522410A4400F435A5 /* FMDatabase.h */ = {isa = PBXFileReference; fileEncoding = 4; lastKnownFileType = sourcecode.c.h; path = FMDatabase.h; sourceTree = "<group>"; };
		F91AFB4622410A4400F435A5 /* FMDatabaseAdditions.h */ = {isa = PBXFileReference; fileEncoding = 4; lastKnownFileType = sourcecode.c.h; path = FMDatabaseAdditions.h; sourceTree = "<group>"; };
		F91AFB4722410A4500F435A5 /* FMDatabasePool.h */ = {isa = PBXFileReference; fileEncoding = 4; lastKnownFileType = sourcecode.c.h; path = FMDatabasePool.h; sourceTree = "<group>"; };
		F91AFB4822410A4500F435A5 /* FMDatabaseAdditions.m */ = {isa = PBXFileReference; fileEncoding = 4; lastKnownFileType = sourcecode.c.objc; path = FMDatabaseAdditions.m; sourceTree = "<group>"; };
		F91AFB4922410A4500F435A5 /* FMDatabaseQueue.m */ = {isa = PBXFileReference; fileEncoding = 4; lastKnownFileType = sourcecode.c.objc; path = FMDatabaseQueue.m; sourceTree = "<group>"; };
		F91AFB4A22410A4500F435A5 /* FMDB.h */ = {isa = PBXFileReference; fileEncoding = 4; lastKnownFileType = sourcecode.c.h; path = FMDB.h; sourceTree = "<group>"; };
		F91AFB4B22410A4600F435A5 /* FMDatabase.m */ = {isa = PBXFileReference; fileEncoding = 4; lastKnownFileType = sourcecode.c.objc; path = FMDatabase.m; sourceTree = "<group>"; };
		F91AFB4C22410A4600F435A5 /* FMDatabaseQueue.h */ = {isa = PBXFileReference; fileEncoding = 4; lastKnownFileType = sourcecode.c.h; path = FMDatabaseQueue.h; sourceTree = "<group>"; };
		F91AFB5422410A7900F435A5 /* Info.plist */ = {isa = PBXFileReference; lastKnownFileType = text.plist.xml; path = Info.plist; sourceTree = "<group>"; };
		F91AFB5522410DB500F435A5 /* VocabularyVocaCell.swift */ = {isa = PBXFileReference; lastKnownFileType = sourcecode.swift; path = VocabularyVocaCell.swift; sourceTree = "<group>"; };
		F91AFB5A2241C69C00F435A5 /* SubjectDAO.swift */ = {isa = PBXFileReference; lastKnownFileType = sourcecode.swift; path = SubjectDAO.swift; sourceTree = "<group>"; };
		F91AFB5C2241DB6E00F435A5 /* WordDAO.swift */ = {isa = PBXFileReference; lastKnownFileType = sourcecode.swift; path = WordDAO.swift; sourceTree = "<group>"; };
		F91F62DB21F93D4A00B80433 /* FrenchVoca.app */ = {isa = PBXFileReference; explicitFileType = wrapper.application; includeInIndex = 0; path = FrenchVoca.app; sourceTree = BUILT_PRODUCTS_DIR; };
		F91F62DE21F93D4A00B80433 /* AppDelegate.swift */ = {isa = PBXFileReference; lastKnownFileType = sourcecode.swift; path = AppDelegate.swift; sourceTree = "<group>"; };
		F91F62E021F93D4A00B80433 /* ReceptionViewController.swift */ = {isa = PBXFileReference; lastKnownFileType = sourcecode.swift; path = ReceptionViewController.swift; sourceTree = "<group>"; };
		F91F62E521F93D4B00B80433 /* Assets.xcassets */ = {isa = PBXFileReference; lastKnownFileType = folder.assetcatalog; path = Assets.xcassets; sourceTree = "<group>"; };
		F91F62E821F93D4B00B80433 /* Base */ = {isa = PBXFileReference; lastKnownFileType = file.storyboard; name = Base; path = Base.lproj/LaunchScreen.storyboard; sourceTree = "<group>"; };
		F91F62EA21F93D4B00B80433 /* Info.plist */ = {isa = PBXFileReference; lastKnownFileType = text.plist.xml; path = Info.plist; sourceTree = "<group>"; };
		F91F62F221F93E9700B80433 /* WelcomeMainNoticeCell.swift */ = {isa = PBXFileReference; fileEncoding = 4; lastKnownFileType = sourcecode.swift; path = WelcomeMainNoticeCell.swift; sourceTree = "<group>"; };
		F91F62F321F93E9700B80433 /* WelcomeMainProfileHeader.swift */ = {isa = PBXFileReference; fileEncoding = 4; lastKnownFileType = sourcecode.swift; path = WelcomeMainProfileHeader.swift; sourceTree = "<group>"; };
		F91F62FA21F9EE6D00B80433 /* DELFViewController.swift */ = {isa = PBXFileReference; lastKnownFileType = sourcecode.swift; path = DELFViewController.swift; sourceTree = "<group>"; };
		F936B2F12382D8A000D15624 /* SettingNotificationsVC.swift */ = {isa = PBXFileReference; lastKnownFileType = sourcecode.swift; path = SettingNotificationsVC.swift; sourceTree = "<group>"; };
		F9486C3F23B728EB00B07001 /* Application.swift */ = {isa = PBXFileReference; lastKnownFileType = sourcecode.swift; path = Application.swift; sourceTree = "<group>"; };
		F94F533923BEE0B500CDC2F2 /* WordListPhotoCellViewModel.swift */ = {isa = PBXFileReference; lastKnownFileType = sourcecode.swift; path = WordListPhotoCellViewModel.swift; sourceTree = "<group>"; };
		F960B47923C60DFC00F488F8 /* SettingViewController.swift */ = {isa = PBXFileReference; lastKnownFileType = sourcecode.swift; path = SettingViewController.swift; sourceTree = "<group>"; };
		F965A11823AB7F0B002A8473 /* Navigator.swift */ = {isa = PBXFileReference; lastKnownFileType = sourcecode.swift; path = Navigator.swift; sourceTree = "<group>"; };
		F97867A2237D16E400CB0728 /* NotiSettingViewController.swift */ = {isa = PBXFileReference; lastKnownFileType = sourcecode.swift; path = NotiSettingViewController.swift; sourceTree = "<group>"; };
		F9AAFE862257226400F281CE /* SettingModifyInfoVC.swift */ = {isa = PBXFileReference; lastKnownFileType = sourcecode.swift; path = SettingModifyInfoVC.swift; sourceTree = "<group>"; };
		F9AD8B45220BB5BA00EBCCCE /* MainTabBarController.swift */ = {isa = PBXFileReference; lastKnownFileType = sourcecode.swift; path = MainTabBarController.swift; sourceTree = "<group>"; };
		F9B0D6E823B47C7200EFBBB5 /* Font.swift */ = {isa = PBXFileReference; lastKnownFileType = sourcecode.swift; path = Font.swift; sourceTree = "<group>"; };
		F9B38F3C2251D5A2000E1CEA /* WelcomeMainNoticeNestedCell.swift */ = {isa = PBXFileReference; lastKnownFileType = sourcecode.swift; path = WelcomeMainNoticeNestedCell.swift; sourceTree = "<group>"; };
		F9B38F4222547D79000E1CEA /* SettingDefaultCell.swift */ = {isa = PBXFileReference; lastKnownFileType = sourcecode.swift; path = SettingDefaultCell.swift; sourceTree = "<group>"; };
		F9B3988C23B4AAC2000E407D /* Anchor.swift */ = {isa = PBXFileReference; lastKnownFileType = sourcecode.swift; path = Anchor.swift; sourceTree = "<group>"; };
		F9B4DFA12382E87D0080DD5D /* SettingSwitchCell.swift */ = {isa = PBXFileReference; lastKnownFileType = sourcecode.swift; path = SettingSwitchCell.swift; sourceTree = "<group>"; };
		F9BB5C4D226AF94F00A3679F /* SettingPeopleCollectionVC.swift */ = {isa = PBXFileReference; lastKnownFileType = sourcecode.swift; path = SettingPeopleCollectionVC.swift; sourceTree = "<group>"; };
		F9BB5C4F226AFB4C00A3679F /* SettingPeopleCell.swift */ = {isa = PBXFileReference; lastKnownFileType = sourcecode.swift; path = SettingPeopleCell.swift; sourceTree = "<group>"; };
		F9BB5C53226C487100A3679F /* SettingPeopleHeader.swift */ = {isa = PBXFileReference; lastKnownFileType = sourcecode.swift; path = SettingPeopleHeader.swift; sourceTree = "<group>"; };
		F9BB5C57226C55CE00A3679F /* people.swift */ = {isa = PBXFileReference; lastKnownFileType = sourcecode.swift; path = people.swift; sourceTree = "<group>"; };
		F9BB5C59226C55DC00A3679F /* peopleGroup.swift */ = {isa = PBXFileReference; lastKnownFileType = sourcecode.swift; path = peopleGroup.swift; sourceTree = "<group>"; };
		F9BB5C5B226C55F800A3679F /* peopleGroupData.swift */ = {isa = PBXFileReference; lastKnownFileType = sourcecode.swift; path = peopleGroupData.swift; sourceTree = "<group>"; };
		F9BB5C62226F097C00A3679F /* Settings.bundle */ = {isa = PBXFileReference; lastKnownFileType = "wrapper.plug-in"; path = Settings.bundle; sourceTree = "<group>"; };
		F9BF0938225C9D170097E0CC /* UNNotiManager.swift */ = {isa = PBXFileReference; lastKnownFileType = sourcecode.swift; path = UNNotiManager.swift; sourceTree = "<group>"; };
		F9BF093A225F34140097E0CC /* WelcomeMainWordCell.swift */ = {isa = PBXFileReference; lastKnownFileType = sourcecode.swift; path = WelcomeMainWordCell.swift; sourceTree = "<group>"; };
		F9BF093C225F344C0097E0CC /* WelcomeMainWordNestedCell.swift */ = {isa = PBXFileReference; lastKnownFileType = sourcecode.swift; path = WelcomeMainWordNestedCell.swift; sourceTree = "<group>"; };
		F9C07B8422AE907800D0920B /* WordListPhotoCell.swift */ = {isa = PBXFileReference; lastKnownFileType = sourcecode.swift; path = WordListPhotoCell.swift; sourceTree = "<group>"; };
		F9D0E4562219780200BE4815 /* EnrollmentViewController.swift */ = {isa = PBXFileReference; lastKnownFileType = sourcecode.swift; path = EnrollmentViewController.swift; sourceTree = "<group>"; };
		F9E13883220B0CEA00DDE7B3 /* Vocabulary.storyboard */ = {isa = PBXFileReference; lastKnownFileType = file.storyboard; path = Vocabulary.storyboard; sourceTree = "<group>"; };
		F9E13887220B0D5A00DDE7B3 /* VocabularySubjectListVC.swift */ = {isa = PBXFileReference; lastKnownFileType = sourcecode.swift; path = VocabularySubjectListVC.swift; sourceTree = "<group>"; };
		F9E1388D220B1C0B00DDE7B3 /* VocabularySubjectListHeader.swift */ = {isa = PBXFileReference; lastKnownFileType = sourcecode.swift; path = VocabularySubjectListHeader.swift; sourceTree = "<group>"; };
		F9E8345F23B2F56A006C0F4E /* ViewController.swift */ = {isa = PBXFileReference; lastKnownFileType = sourcecode.swift; path = ViewController.swift; sourceTree = "<group>"; };
		F9E8346123B30453006C0F4E /* NavigationController.swift */ = {isa = PBXFileReference; lastKnownFileType = sourcecode.swift; path = NavigationController.swift; sourceTree = "<group>"; };
		F9E8346323B352D5006C0F4E /* CollectionViewCell.swift */ = {isa = PBXFileReference; lastKnownFileType = sourcecode.swift; path = CollectionViewCell.swift; sourceTree = "<group>"; };
		F9E8346523B43B99006C0F4E /* TableViewCell.swift */ = {isa = PBXFileReference; lastKnownFileType = sourcecode.swift; path = TableViewCell.swift; sourceTree = "<group>"; };
		F9E8346C23B4402D006C0F4E /* Color.swift */ = {isa = PBXFileReference; lastKnownFileType = sourcecode.swift; path = Color.swift; sourceTree = "<group>"; };
		F9E8346E23B453F7006C0F4E /* Tools.swift */ = {isa = PBXFileReference; lastKnownFileType = sourcecode.swift; path = Tools.swift; sourceTree = "<group>"; };
		F9F1E2E423881BFC0084DE34 /* Synthesizer.swift */ = {isa = PBXFileReference; lastKnownFileType = sourcecode.swift; path = Synthesizer.swift; sourceTree = "<group>"; };
		F9F1EFDF23BB38D60026ACA0 /* SubjectListCellViewModel.swift */ = {isa = PBXFileReference; lastKnownFileType = sourcecode.swift; path = SubjectListCellViewModel.swift; sourceTree = "<group>"; };
		F9F1EFE123BB475C0026ACA0 /* WordListSentenceCellViewModel.swift */ = {isa = PBXFileReference; lastKnownFileType = sourcecode.swift; path = WordListSentenceCellViewModel.swift; sourceTree = "<group>"; };
		F9F88DF52383E2700098C310 /* WordListVoiceSettingViewController.swift */ = {isa = PBXFileReference; lastKnownFileType = sourcecode.swift; path = WordListVoiceSettingViewController.swift; sourceTree = "<group>"; };
		F9FFEB972209C60B00F05E98 /* FLEXViewController.swift */ = {isa = PBXFileReference; lastKnownFileType = sourcecode.swift; path = FLEXViewController.swift; sourceTree = "<group>"; };
		F9FFEB9A2209D8EF00F05E98 /* SignInViewController.swift */ = {isa = PBXFileReference; fileEncoding = 4; lastKnownFileType = sourcecode.swift; path = SignInViewController.swift; sourceTree = "<group>"; };
/* End PBXFileReference section */

/* Begin PBXFrameworksBuildPhase section */
		F91F62D821F93D4A00B80433 /* Frameworks */ = {
			isa = PBXFrameworksBuildPhase;
			buildActionMask = 2147483647;
			files = (
				F91AFB3F2241097100F435A5 /* libsqlite3.0.tbd in Frameworks */,
				4F7B4991E9D67411F8908997 /* Pods_FrenchVoca.framework in Frameworks */,
			);
			runOnlyForDeploymentPostprocessing = 0;
		};
/* End PBXFrameworksBuildPhase section */

/* Begin PBXGroup section */
		02CA939416DFCC74BD209625 /* Frameworks */ = {
			isa = PBXGroup;
			children = (
				F91AFB3E2241097000F435A5 /* libsqlite3.0.tbd */,
				76AF2F4438B6C98D96CC398B /* Pods_FrenchVoca.framework */,
			);
			name = Frameworks;
			sourceTree = "<group>";
		};
		ADA4ADDF2A876DABFDD6F583 /* Pods */ = {
			isa = PBXGroup;
			children = (
				69229CDDC797392F5E828F6D /* Pods-FrenchVoca.debug.xcconfig */,
				3CD8A931643B4E73B4BA260B /* Pods-FrenchVoca.release.xcconfig */,
			);
			name = Pods;
			sourceTree = "<group>";
		};
		E6C53B8B2418B94600F0DCD4 /* Institut */ = {
			isa = PBXGroup;
			children = (
				E6D8DFAC24172FEF00398360 /* InstitutViewController.swift */,
				E6C53B8C2418B99E00F0DCD4 /* InstitutViewControllerViewModel.swift */,
				E6C53B8E2418D3E600F0DCD4 /* InstitutInfoCell.swift */,
				E6C53B9024191E4300F0DCD4 /* InstitutInfoCellViewModel.swift */,
				E6C53B95241A166D00F0DCD4 /* InstitutDetailViewController.swift */,
				E6C53B97241A193400F0DCD4 /* InstitutDetailViewControllerViewModel.swift */,
			);
			path = Institut;
			sourceTree = "<group>";
		};
		E6C53B9424191EEF00F0DCD4 /* Parser */ = {
			isa = PBXGroup;
			children = (
				E6C53B9224191EEB00F0DCD4 /* InstitutInfo.swift */,
			);
			path = Parser;
			sourceTree = "<group>";
		};
		F91AFB5322410A6E00F435A5 /* FMDB */ = {
			isa = PBXGroup;
			children = (
				F91AFB4522410A4400F435A5 /* FMDatabase.h */,
				F91AFB4B22410A4600F435A5 /* FMDatabase.m */,
				F91AFB4622410A4400F435A5 /* FMDatabaseAdditions.h */,
				F91AFB4822410A4500F435A5 /* FMDatabaseAdditions.m */,
				F91AFB4722410A4500F435A5 /* FMDatabasePool.h */,
				F91AFB4322410A4400F435A5 /* FMDatabasePool.m */,
				F91AFB4C22410A4600F435A5 /* FMDatabaseQueue.h */,
				F91AFB4922410A4500F435A5 /* FMDatabaseQueue.m */,
				F91AFB4A22410A4500F435A5 /* FMDB.h */,
				F91AFB4122410A4300F435A5 /* FMResultSet.h */,
				F91AFB4422410A4400F435A5 /* FMResultSet.m */,
				F91AFB5422410A7900F435A5 /* Info.plist */,
			);
			path = FMDB;
			sourceTree = "<group>";
		};
		F91AFB592241C68500F435A5 /* DAO */ = {
			isa = PBXGroup;
			children = (
				F918C18223A7C12B002A11DA /* FrenchVoca.db */,
				F91AFB5A2241C69C00F435A5 /* SubjectDAO.swift */,
				F91AFB5C2241DB6E00F435A5 /* WordDAO.swift */,
			);
			path = DAO;
			sourceTree = "<group>";
		};
		F91CE28522101C3A000D1380 /* SubjectList */ = {
			isa = PBXGroup;
			children = (
				F91CE28922101D2C000D1380 /* SubjectListCell */,
				F9E13887220B0D5A00DDE7B3 /* VocabularySubjectListVC.swift */,
				F911EF3F2317AEA2009A8913 /* VocabularyNotebookVC.swift */,
			);
			path = SubjectList;
			sourceTree = "<group>";
		};
		F91CE28622101C48000D1380 /* WordList */ = {
			isa = PBXGroup;
			children = (
				E63BF87823E469BE002145A5 /* WordListViewController.swift */,
				E6627D7E23E6F31200F6AF96 /* WordListViewControllerViewModel.swift */,
				E63BF87A23E46AF1002145A5 /* WordListSentenceCell.swift */,
				F9F1EFE123BB475C0026ACA0 /* WordListSentenceCellViewModel.swift */,
				F9C07B8422AE907800D0920B /* WordListPhotoCell.swift */,
				F94F533923BEE0B500CDC2F2 /* WordListPhotoCellViewModel.swift */,
				F9F88DF52383E2700098C310 /* WordListVoiceSettingViewController.swift */,
			);
			path = WordList;
			sourceTree = "<group>";
		};
		F91CE28922101D2C000D1380 /* SubjectListCell */ = {
			isa = PBXGroup;
			children = (
				F9F1EFDF23BB38D60026ACA0 /* SubjectListCellViewModel.swift */,
				F9E1388D220B1C0B00DDE7B3 /* VocabularySubjectListHeader.swift */,
				F91AFB5522410DB500F435A5 /* VocabularyVocaCell.swift */,
				F911EF412317B38D009A8913 /* VocabularyNotebookVCCell.swift */,
			);
			path = SubjectListCell;
			sourceTree = "<group>";
		};
		F91CE28B22101D80000D1380 /* MainCV */ = {
			isa = PBXGroup;
			children = (
				F91F62F321F93E9700B80433 /* WelcomeMainProfileHeader.swift */,
				F91F62F221F93E9700B80433 /* WelcomeMainNoticeCell.swift */,
				F9B38F3C2251D5A2000E1CEA /* WelcomeMainNoticeNestedCell.swift */,
				F9BF093A225F34140097E0CC /* WelcomeMainWordCell.swift */,
				F9BF093C225F344C0097E0CC /* WelcomeMainWordNestedCell.swift */,
			);
			path = MainCV;
			sourceTree = "<group>";
		};
		F91F62D221F93D4A00B80433 = {
			isa = PBXGroup;
			children = (
				F91F62DD21F93D4A00B80433 /* FrenchVoca */,
				F9BB5C62226F097C00A3679F /* Settings.bundle */,
				F91F62DC21F93D4A00B80433 /* Products */,
				ADA4ADDF2A876DABFDD6F583 /* Pods */,
				02CA939416DFCC74BD209625 /* Frameworks */,
			);
			sourceTree = "<group>";
		};
		F91F62DC21F93D4A00B80433 /* Products */ = {
			isa = PBXGroup;
			children = (
				F91F62DB21F93D4A00B80433 /* FrenchVoca.app */,
			);
			name = Products;
			sourceTree = "<group>";
		};
		F91F62DD21F93D4A00B80433 /* FrenchVoca */ = {
			isa = PBXGroup;
			children = (
				F950EE5A23B606C8008FEE13 /* Application */,
				F9E8345E23B2F54F006C0F4E /* Based */,
				F9F1E2E323881BCC0084DE34 /* SpeechSynthesizer */,
				F9BB5C5F226C9E4D00A3679F /* Notification */,
				F9BB5C56226C55BF00A3679F /* Model */,
				F91F62F821F9EE2200B80433 /* TabBar */,
				F9FFEB992209D81700F05E98 /* Login */,
				F9FFEB962209C5F500F05E98 /* Reception */,
				E6C53B8B2418B94600F0DCD4 /* Institut */,
				F9E13885220B0D0100DDE7B3 /* Vocabulary */,
				F9B38F3E22547B38000E1CEA /* Setting */,
				F9E13882220B0CBD00DDE7B3 /* Storyboards */,
				F91F62E521F93D4B00B80433 /* Assets.xcassets */,
				F91F62EA21F93D4B00B80433 /* Info.plist */,
				F91AFB4022410A4200F435A5 /* FrenchVoca-Bridging-Header.h */,
				F9E8346B23B44016006C0F4E /* Tools */,
			);
			path = FrenchVoca;
			sourceTree = "<group>";
		};
		F91F62F821F9EE2200B80433 /* TabBar */ = {
			isa = PBXGroup;
			children = (
				F9AD8B45220BB5BA00EBCCCE /* MainTabBarController.swift */,
			);
			path = TabBar;
			sourceTree = "<group>";
		};
		F950EE5A23B606C8008FEE13 /* Application */ = {
			isa = PBXGroup;
			children = (
				F91F62DE21F93D4A00B80433 /* AppDelegate.swift */,
				F9486C3F23B728EB00B07001 /* Application.swift */,
				F965A11823AB7F0B002A8473 /* Navigator.swift */,
			);
			path = Application;
			sourceTree = "<group>";
		};
		F9B38F3E22547B38000E1CEA /* Setting */ = {
			isa = PBXGroup;
			children = (
				F9B38F4122547D62000E1CEA /* Cell */,
				F960B47923C60DFC00F488F8 /* SettingViewController.swift */,
				F9AAFE862257226400F281CE /* SettingModifyInfoVC.swift */,
				F9BB5C4D226AF94F00A3679F /* SettingPeopleCollectionVC.swift */,
				F9BB5C5D226C5E3000A3679F /* SettingData */,
				F936B2F12382D8A000D15624 /* SettingNotificationsVC.swift */,
			);
			path = Setting;
			sourceTree = "<group>";
		};
		F9B38F4122547D62000E1CEA /* Cell */ = {
			isa = PBXGroup;
			children = (
				F9B38F4222547D79000E1CEA /* SettingDefaultCell.swift */,
				F9B4DFA12382E87D0080DD5D /* SettingSwitchCell.swift */,
				F9BB5C55226C488100A3679F /* People */,
			);
			path = Cell;
			sourceTree = "<group>";
		};
		F9BB5C55226C488100A3679F /* People */ = {
			isa = PBXGroup;
			children = (
				F9BB5C53226C487100A3679F /* SettingPeopleHeader.swift */,
				F9BB5C4F226AFB4C00A3679F /* SettingPeopleCell.swift */,
			);
			path = People;
			sourceTree = "<group>";
		};
		F9BB5C56226C55BF00A3679F /* Model */ = {
			isa = PBXGroup;
			children = (
				E6C53B9424191EEF00F0DCD4 /* Parser */,
				F9BB5C5E226C5E5100A3679F /* Database */,
			);
			path = Model;
			sourceTree = "<group>";
		};
		F9BB5C5D226C5E3000A3679F /* SettingData */ = {
			isa = PBXGroup;
			children = (
				F9BB5C57226C55CE00A3679F /* people.swift */,
				F9BB5C59226C55DC00A3679F /* peopleGroup.swift */,
				F9BB5C5B226C55F800A3679F /* peopleGroupData.swift */,
			);
			path = SettingData;
			sourceTree = "<group>";
		};
		F9BB5C5E226C5E5100A3679F /* Database */ = {
			isa = PBXGroup;
			children = (
				F91AFB592241C68500F435A5 /* DAO */,
				F91AFB5322410A6E00F435A5 /* FMDB */,
			);
			path = Database;
			sourceTree = "<group>";
		};
		F9BB5C5F226C9E4D00A3679F /* Notification */ = {
			isa = PBXGroup;
			children = (
				F9BF0938225C9D170097E0CC /* UNNotiManager.swift */,
			);
			path = Notification;
			sourceTree = "<group>";
		};
		F9E13882220B0CBD00DDE7B3 /* Storyboards */ = {
			isa = PBXGroup;
			children = (
				F9E13883220B0CEA00DDE7B3 /* Vocabulary.storyboard */,
				F91F62E721F93D4B00B80433 /* LaunchScreen.storyboard */,
			);
			path = Storyboards;
			sourceTree = "<group>";
		};
		F9E13885220B0D0100DDE7B3 /* Vocabulary */ = {
			isa = PBXGroup;
			children = (
				F91CE28522101C3A000D1380 /* SubjectList */,
				F91CE28622101C48000D1380 /* WordList */,
			);
			path = Vocabulary;
			sourceTree = "<group>";
		};
		F9E8345E23B2F54F006C0F4E /* Based */ = {
			isa = PBXGroup;
			children = (
				F9E8346123B30453006C0F4E /* NavigationController.swift */,
				F9E8345F23B2F56A006C0F4E /* ViewController.swift */,
				F9E8346323B352D5006C0F4E /* CollectionViewCell.swift */,
				F9E8346523B43B99006C0F4E /* TableViewCell.swift */,
			);
			path = Based;
			sourceTree = "<group>";
		};
		F9E8346B23B44016006C0F4E /* Tools */ = {
			isa = PBXGroup;
			children = (
				F9E8346E23B453F7006C0F4E /* Tools.swift */,
				F9E8346C23B4402D006C0F4E /* Color.swift */,
				F9B0D6E823B47C7200EFBBB5 /* Font.swift */,
				F9B3988C23B4AAC2000E407D /* Anchor.swift */,
			);
			path = Tools;
			sourceTree = "<group>";
		};
		F9F1E2E323881BCC0084DE34 /* SpeechSynthesizer */ = {
			isa = PBXGroup;
			children = (
				F9F1E2E423881BFC0084DE34 /* Synthesizer.swift */,
			);
			path = SpeechSynthesizer;
			sourceTree = "<group>";
		};
		F9FFEB962209C5F500F05E98 /* Reception */ = {
			isa = PBXGroup;
			children = (
				F91CE28B22101D80000D1380 /* MainCV */,
				F91F62E021F93D4A00B80433 /* ReceptionViewController.swift */,
				F91F62FA21F9EE6D00B80433 /* DELFViewController.swift */,
				F9FFEB972209C60B00F05E98 /* FLEXViewController.swift */,
			);
			path = Reception;
			sourceTree = "<group>";
		};
		F9FFEB992209D81700F05E98 /* Login */ = {
			isa = PBXGroup;
			children = (
				F9D0E4562219780200BE4815 /* EnrollmentViewController.swift */,
				F9FFEB9A2209D8EF00F05E98 /* SignInViewController.swift */,
				F97867A2237D16E400CB0728 /* NotiSettingViewController.swift */,
			);
			path = Login;
			sourceTree = "<group>";
		};
/* End PBXGroup section */

/* Begin PBXNativeTarget section */
		F91F62DA21F93D4A00B80433 /* FrenchVoca */ = {
			isa = PBXNativeTarget;
			buildConfigurationList = F91F62ED21F93D4B00B80433 /* Build configuration list for PBXNativeTarget "FrenchVoca" */;
			buildPhases = (
				6A9B8C88901E0C10B2D87DC3 /* [CP] Check Pods Manifest.lock */,
				F91F62D721F93D4A00B80433 /* Sources */,
				F91F62D821F93D4A00B80433 /* Frameworks */,
				F91F62D921F93D4A00B80433 /* Resources */,
				4F8774EA7BBB67EE483088FF /* [CP] Embed Pods Frameworks */,
			);
			buildRules = (
			);
			dependencies = (
			);
			name = FrenchVoca;
			productName = FrenchVoca;
			productReference = F91F62DB21F93D4A00B80433 /* FrenchVoca.app */;
			productType = "com.apple.product-type.application";
		};
/* End PBXNativeTarget section */

/* Begin PBXProject section */
		F91F62D321F93D4A00B80433 /* Project object */ = {
			isa = PBXProject;
			attributes = {
				LastSwiftUpdateCheck = 1010;
				LastUpgradeCheck = 1010;
				ORGANIZATIONNAME = inswag;
				TargetAttributes = {
					F91F62DA21F93D4A00B80433 = {
						CreatedOnToolsVersion = 10.1;
						LastSwiftMigration = 1020;
					};
				};
			};
			buildConfigurationList = F91F62D621F93D4A00B80433 /* Build configuration list for PBXProject "FrenchVoca" */;
			compatibilityVersion = "Xcode 9.3";
			developmentRegion = en;
			hasScannedForEncodings = 0;
			knownRegions = (
				en,
				Base,
			);
			mainGroup = F91F62D221F93D4A00B80433;
			productRefGroup = F91F62DC21F93D4A00B80433 /* Products */;
			projectDirPath = "";
			projectRoot = "";
			targets = (
				F91F62DA21F93D4A00B80433 /* FrenchVoca */,
			);
		};
/* End PBXProject section */

/* Begin PBXResourcesBuildPhase section */
		F91F62D921F93D4A00B80433 /* Resources */ = {
			isa = PBXResourcesBuildPhase;
			buildActionMask = 2147483647;
			files = (
				F9BB5C63226F097C00A3679F /* Settings.bundle in Resources */,
				F9E13884220B0CEA00DDE7B3 /* Vocabulary.storyboard in Resources */,
				F918C18323A7C12B002A11DA /* FrenchVoca.db in Resources */,
				F91F62E921F93D4B00B80433 /* LaunchScreen.storyboard in Resources */,
				F91F62E621F93D4B00B80433 /* Assets.xcassets in Resources */,
			);
			runOnlyForDeploymentPostprocessing = 0;
		};
/* End PBXResourcesBuildPhase section */

/* Begin PBXShellScriptBuildPhase section */
		4F8774EA7BBB67EE483088FF /* [CP] Embed Pods Frameworks */ = {
			isa = PBXShellScriptBuildPhase;
			buildActionMask = 2147483647;
			files = (
			);
			inputFileListPaths = (
				"${PODS_ROOT}/Target Support Files/Pods-FrenchVoca/Pods-FrenchVoca-frameworks-${CONFIGURATION}-input-files.xcfilelist",
			);
			name = "[CP] Embed Pods Frameworks";
			outputFileListPaths = (
				"${PODS_ROOT}/Target Support Files/Pods-FrenchVoca/Pods-FrenchVoca-frameworks-${CONFIGURATION}-output-files.xcfilelist",
			);
			runOnlyForDeploymentPostprocessing = 0;
			shellPath = /bin/sh;
			shellScript = "\"${PODS_ROOT}/Target Support Files/Pods-FrenchVoca/Pods-FrenchVoca-frameworks.sh\"\n";
			showEnvVarsInLog = 0;
		};
		6A9B8C88901E0C10B2D87DC3 /* [CP] Check Pods Manifest.lock */ = {
			isa = PBXShellScriptBuildPhase;
			buildActionMask = 2147483647;
			files = (
			);
			inputPaths = (
				"${PODS_PODFILE_DIR_PATH}/Podfile.lock",
				"${PODS_ROOT}/Manifest.lock",
			);
			name = "[CP] Check Pods Manifest.lock";
			outputPaths = (
				"$(DERIVED_FILE_DIR)/Pods-FrenchVoca-checkManifestLockResult.txt",
			);
			runOnlyForDeploymentPostprocessing = 0;
			shellPath = /bin/sh;
			shellScript = "diff \"${PODS_PODFILE_DIR_PATH}/Podfile.lock\" \"${PODS_ROOT}/Manifest.lock\" > /dev/null\nif [ $? != 0 ] ; then\n    # print error to STDERR\n    echo \"error: The sandbox is not in sync with the Podfile.lock. Run 'pod install' or update your CocoaPods installation.\" >&2\n    exit 1\nfi\n# This output is used by Xcode 'outputs' to avoid re-running this script phase.\necho \"SUCCESS\" > \"${SCRIPT_OUTPUT_FILE_0}\"\n";
			showEnvVarsInLog = 0;
		};
/* End PBXShellScriptBuildPhase section */

/* Begin PBXSourcesBuildPhase section */
		F91F62D721F93D4A00B80433 /* Sources */ = {
			isa = PBXSourcesBuildPhase;
			buildActionMask = 2147483647;
			files = (
				F9BB5C4E226AF94F00A3679F /* SettingPeopleCollectionVC.swift in Sources */,
				F97867A3237D16E400CB0728 /* NotiSettingViewController.swift in Sources */,
				F91F62E121F93D4A00B80433 /* ReceptionViewController.swift in Sources */,
				F9E8346F23B453F7006C0F4E /* Tools.swift in Sources */,
				F9D0E4572219780200BE4815 /* EnrollmentViewController.swift in Sources */,
				F9F88DF62383E2700098C310 /* WordListVoiceSettingViewController.swift in Sources */,
				F9E8346623B43B9A006C0F4E /* TableViewCell.swift in Sources */,
				F9B3988D23B4AAC2000E407D /* Anchor.swift in Sources */,
				F91AFB5222410A4600F435A5 /* FMDatabase.m in Sources */,
				F911EF422317B38D009A8913 /* VocabularyNotebookVCCell.swift in Sources */,
				F9AAFE872257226400F281CE /* SettingModifyInfoVC.swift in Sources */,
				F9F1EFE023BB38D60026ACA0 /* SubjectListCellViewModel.swift in Sources */,
				F9BB5C5C226C55F800A3679F /* peopleGroupData.swift in Sources */,
				F9E1388E220B1C0B00DDE7B3 /* VocabularySubjectListHeader.swift in Sources */,
				F9BF0939225C9D170097E0CC /* UNNotiManager.swift in Sources */,
				F9FFEB9B2209D8EF00F05E98 /* SignInViewController.swift in Sources */,
				F9BF093D225F344C0097E0CC /* WelcomeMainWordNestedCell.swift in Sources */,
				F9E8346423B352D5006C0F4E /* CollectionViewCell.swift in Sources */,
				F9E8346D23B4402D006C0F4E /* Color.swift in Sources */,
				F91AFB5B2241C69C00F435A5 /* SubjectDAO.swift in Sources */,
				F965A11923AB7F0B002A8473 /* Navigator.swift in Sources */,
				F9B38F3D2251D5A2000E1CEA /* WelcomeMainNoticeNestedCell.swift in Sources */,
				E6C53B98241A193400F0DCD4 /* InstitutDetailViewControllerViewModel.swift in Sources */,
				F91AFB4F22410A4600F435A5 /* FMResultSet.m in Sources */,
				F91AFB4E22410A4600F435A5 /* FMDatabasePool.m in Sources */,
				F91F62FB21F9EE6D00B80433 /* DELFViewController.swift in Sources */,
				F91AFB5022410A4600F435A5 /* FMDatabaseAdditions.m in Sources */,
				F9BB5C50226AFB4C00A3679F /* SettingPeopleCell.swift in Sources */,
				F911EF402317AEA2009A8913 /* VocabularyNotebookVC.swift in Sources */,
				F94F533A23BEE0B500CDC2F2 /* WordListPhotoCellViewModel.swift in Sources */,
				E63BF87923E469BE002145A5 /* WordListViewController.swift in Sources */,
				F9BB5C58226C55CE00A3679F /* people.swift in Sources */,
				F960B47A23C60DFC00F488F8 /* SettingViewController.swift in Sources */,
				F9FFEB982209C60B00F05E98 /* FLEXViewController.swift in Sources */,
				F9E8346223B30453006C0F4E /* NavigationController.swift in Sources */,
				E6C53B8D2418B99E00F0DCD4 /* InstitutViewControllerViewModel.swift in Sources */,
				F9AD8B46220BB5BA00EBCCCE /* MainTabBarController.swift in Sources */,
				F9486C4023B728EB00B07001 /* Application.swift in Sources */,
				E6C53B8F2418D3E600F0DCD4 /* InstitutInfoCell.swift in Sources */,
				F9E8346023B2F56A006C0F4E /* ViewController.swift in Sources */,
				F91F62F521F93E9800B80433 /* WelcomeMainNoticeCell.swift in Sources */,
				F9F1EFE223BB475C0026ACA0 /* WordListSentenceCellViewModel.swift in Sources */,
				E63BF87B23E46AF1002145A5 /* WordListSentenceCell.swift in Sources */,
				F9B38F4322547D79000E1CEA /* SettingDefaultCell.swift in Sources */,
				F9BB5C54226C487100A3679F /* SettingPeopleHeader.swift in Sources */,
				E6D8DFAD24172FEF00398360 /* InstitutViewController.swift in Sources */,
				F9C07B8522AE907800D0920B /* WordListPhotoCell.swift in Sources */,
				E6C53B9124191E4300F0DCD4 /* InstitutInfoCellViewModel.swift in Sources */,
				F91F62F621F93E9800B80433 /* WelcomeMainProfileHeader.swift in Sources */,
				F9B0D6E923B47C7200EFBBB5 /* Font.swift in Sources */,
				F9E13888220B0D5A00DDE7B3 /* VocabularySubjectListVC.swift in Sources */,
				E6C53B9324191EEB00F0DCD4 /* InstitutInfo.swift in Sources */,
				F9F1E2E523881BFC0084DE34 /* Synthesizer.swift in Sources */,
				F91AFB5D2241DB6E00F435A5 /* WordDAO.swift in Sources */,
				F91AFB5622410DB500F435A5 /* VocabularyVocaCell.swift in Sources */,
				F9BB5C5A226C55DC00A3679F /* peopleGroup.swift in Sources */,
				F91F62DF21F93D4A00B80433 /* AppDelegate.swift in Sources */,
				E6627D7F23E6F31200F6AF96 /* WordListViewControllerViewModel.swift in Sources */,
				F9BF093B225F34140097E0CC /* WelcomeMainWordCell.swift in Sources */,
				F936B2F22382D8A000D15624 /* SettingNotificationsVC.swift in Sources */,
				F91AFB5122410A4600F435A5 /* FMDatabaseQueue.m in Sources */,
				F9B4DFA22382E87D0080DD5D /* SettingSwitchCell.swift in Sources */,
				E6C53B96241A166E00F0DCD4 /* InstitutDetailViewController.swift in Sources */,
			);
			runOnlyForDeploymentPostprocessing = 0;
		};
/* End PBXSourcesBuildPhase section */

/* Begin PBXVariantGroup section */
		F91F62E721F93D4B00B80433 /* LaunchScreen.storyboard */ = {
			isa = PBXVariantGroup;
			children = (
				F91F62E821F93D4B00B80433 /* Base */,
			);
			name = LaunchScreen.storyboard;
			sourceTree = "<group>";
		};
/* End PBXVariantGroup section */

/* Begin XCBuildConfiguration section */
		F91F62EB21F93D4B00B80433 /* Debug */ = {
			isa = XCBuildConfiguration;
			buildSettings = {
				ALWAYS_SEARCH_USER_PATHS = NO;
				CLANG_ANALYZER_NONNULL = YES;
				CLANG_ANALYZER_NUMBER_OBJECT_CONVERSION = YES_AGGRESSIVE;
				CLANG_CXX_LANGUAGE_STANDARD = "gnu++14";
				CLANG_CXX_LIBRARY = "libc++";
				CLANG_ENABLE_MODULES = YES;
				CLANG_ENABLE_OBJC_ARC = YES;
				CLANG_ENABLE_OBJC_WEAK = YES;
				CLANG_WARN_BLOCK_CAPTURE_AUTORELEASING = YES;
				CLANG_WARN_BOOL_CONVERSION = YES;
				CLANG_WARN_COMMA = YES;
				CLANG_WARN_CONSTANT_CONVERSION = YES;
				CLANG_WARN_DEPRECATED_OBJC_IMPLEMENTATIONS = YES;
				CLANG_WARN_DIRECT_OBJC_ISA_USAGE = YES_ERROR;
				CLANG_WARN_DOCUMENTATION_COMMENTS = YES;
				CLANG_WARN_EMPTY_BODY = YES;
				CLANG_WARN_ENUM_CONVERSION = YES;
				CLANG_WARN_INFINITE_RECURSION = YES;
				CLANG_WARN_INT_CONVERSION = YES;
				CLANG_WARN_NON_LITERAL_NULL_CONVERSION = YES;
				CLANG_WARN_OBJC_IMPLICIT_RETAIN_SELF = YES;
				CLANG_WARN_OBJC_LITERAL_CONVERSION = YES;
				CLANG_WARN_OBJC_ROOT_CLASS = YES_ERROR;
				CLANG_WARN_RANGE_LOOP_ANALYSIS = YES;
				CLANG_WARN_STRICT_PROTOTYPES = YES;
				CLANG_WARN_SUSPICIOUS_MOVE = YES;
				CLANG_WARN_UNGUARDED_AVAILABILITY = YES_AGGRESSIVE;
				CLANG_WARN_UNREACHABLE_CODE = YES;
				CLANG_WARN__DUPLICATE_METHOD_MATCH = YES;
				CODE_SIGN_IDENTITY = "iPhone Developer";
				COPY_PHASE_STRIP = NO;
				DEBUG_INFORMATION_FORMAT = dwarf;
				ENABLE_STRICT_OBJC_MSGSEND = YES;
				ENABLE_TESTABILITY = YES;
				GCC_C_LANGUAGE_STANDARD = gnu11;
				GCC_DYNAMIC_NO_PIC = NO;
				GCC_NO_COMMON_BLOCKS = YES;
				GCC_OPTIMIZATION_LEVEL = 0;
				GCC_PREPROCESSOR_DEFINITIONS = (
					"DEBUG=1",
					"$(inherited)",
				);
				GCC_WARN_64_TO_32_BIT_CONVERSION = YES;
				GCC_WARN_ABOUT_RETURN_TYPE = YES_ERROR;
				GCC_WARN_UNDECLARED_SELECTOR = YES;
				GCC_WARN_UNINITIALIZED_AUTOS = YES_AGGRESSIVE;
				GCC_WARN_UNUSED_FUNCTION = YES;
				GCC_WARN_UNUSED_VARIABLE = YES;
				IPHONEOS_DEPLOYMENT_TARGET = 12.1;
				MTL_ENABLE_DEBUG_INFO = INCLUDE_SOURCE;
				MTL_FAST_MATH = YES;
				ONLY_ACTIVE_ARCH = YES;
				SDKROOT = iphoneos;
				SWIFT_ACTIVE_COMPILATION_CONDITIONS = DEBUG;
				SWIFT_OPTIMIZATION_LEVEL = "-Onone";
			};
			name = Debug;
		};
		F91F62EC21F93D4B00B80433 /* Release */ = {
			isa = XCBuildConfiguration;
			buildSettings = {
				ALWAYS_SEARCH_USER_PATHS = NO;
				CLANG_ANALYZER_NONNULL = YES;
				CLANG_ANALYZER_NUMBER_OBJECT_CONVERSION = YES_AGGRESSIVE;
				CLANG_CXX_LANGUAGE_STANDARD = "gnu++14";
				CLANG_CXX_LIBRARY = "libc++";
				CLANG_ENABLE_MODULES = YES;
				CLANG_ENABLE_OBJC_ARC = YES;
				CLANG_ENABLE_OBJC_WEAK = YES;
				CLANG_WARN_BLOCK_CAPTURE_AUTORELEASING = YES;
				CLANG_WARN_BOOL_CONVERSION = YES;
				CLANG_WARN_COMMA = YES;
				CLANG_WARN_CONSTANT_CONVERSION = YES;
				CLANG_WARN_DEPRECATED_OBJC_IMPLEMENTATIONS = YES;
				CLANG_WARN_DIRECT_OBJC_ISA_USAGE = YES_ERROR;
				CLANG_WARN_DOCUMENTATION_COMMENTS = YES;
				CLANG_WARN_EMPTY_BODY = YES;
				CLANG_WARN_ENUM_CONVERSION = YES;
				CLANG_WARN_INFINITE_RECURSION = YES;
				CLANG_WARN_INT_CONVERSION = YES;
				CLANG_WARN_NON_LITERAL_NULL_CONVERSION = YES;
				CLANG_WARN_OBJC_IMPLICIT_RETAIN_SELF = YES;
				CLANG_WARN_OBJC_LITERAL_CONVERSION = YES;
				CLANG_WARN_OBJC_ROOT_CLASS = YES_ERROR;
				CLANG_WARN_RANGE_LOOP_ANALYSIS = YES;
				CLANG_WARN_STRICT_PROTOTYPES = YES;
				CLANG_WARN_SUSPICIOUS_MOVE = YES;
				CLANG_WARN_UNGUARDED_AVAILABILITY = YES_AGGRESSIVE;
				CLANG_WARN_UNREACHABLE_CODE = YES;
				CLANG_WARN__DUPLICATE_METHOD_MATCH = YES;
				CODE_SIGN_IDENTITY = "iPhone Developer";
				COPY_PHASE_STRIP = NO;
				DEBUG_INFORMATION_FORMAT = "dwarf-with-dsym";
				ENABLE_NS_ASSERTIONS = NO;
				ENABLE_STRICT_OBJC_MSGSEND = YES;
				GCC_C_LANGUAGE_STANDARD = gnu11;
				GCC_NO_COMMON_BLOCKS = YES;
				GCC_WARN_64_TO_32_BIT_CONVERSION = YES;
				GCC_WARN_ABOUT_RETURN_TYPE = YES_ERROR;
				GCC_WARN_UNDECLARED_SELECTOR = YES;
				GCC_WARN_UNINITIALIZED_AUTOS = YES_AGGRESSIVE;
				GCC_WARN_UNUSED_FUNCTION = YES;
				GCC_WARN_UNUSED_VARIABLE = YES;
				IPHONEOS_DEPLOYMENT_TARGET = 12.1;
				MTL_ENABLE_DEBUG_INFO = NO;
				MTL_FAST_MATH = YES;
				SDKROOT = iphoneos;
				SWIFT_COMPILATION_MODE = wholemodule;
				SWIFT_OPTIMIZATION_LEVEL = "-O";
				VALIDATE_PRODUCT = YES;
			};
			name = Release;
		};
		F91F62EE21F93D4B00B80433 /* Debug */ = {
			isa = XCBuildConfiguration;
			baseConfigurationReference = 69229CDDC797392F5E828F6D /* Pods-FrenchVoca.debug.xcconfig */;
			buildSettings = {
				ASSETCATALOG_COMPILER_APPICON_NAME = AppIcon;
				CLANG_ENABLE_MODULES = YES;
				CODE_SIGN_IDENTITY = "Apple Development";
				CODE_SIGN_STYLE = Automatic;
				DEVELOPMENT_TEAM = C6T929VMZT;
				INFOPLIST_FILE = FrenchVoca/Info.plist;
				IPHONEOS_DEPLOYMENT_TARGET = 12.0;
				LD_RUNPATH_SEARCH_PATHS = (
					"$(inherited)",
					"@executable_path/Frameworks",
				);
				MARKETING_VERSION = 1.3.1;
				PRODUCT_BUNDLE_IDENTIFIER = "kr.inswag.FrenchVocaV2-";
				PRODUCT_NAME = "$(TARGET_NAME)";
				PROVISIONING_PROFILE_SPECIFIER = "";
				SWIFT_OBJC_BRIDGING_HEADER = "FrenchVoca/FrenchVoca-Bridging-Header.h";
				SWIFT_OPTIMIZATION_LEVEL = "-Onone";
				SWIFT_VERSION = 5.0;
				TARGETED_DEVICE_FAMILY = 1;
			};
			name = Debug;
		};
		F91F62EF21F93D4B00B80433 /* Release */ = {
			isa = XCBuildConfiguration;
			baseConfigurationReference = 3CD8A931643B4E73B4BA260B /* Pods-FrenchVoca.release.xcconfig */;
			buildSettings = {
				ASSETCATALOG_COMPILER_APPICON_NAME = AppIcon;
				CLANG_ENABLE_MODULES = YES;
				CODE_SIGN_IDENTITY = "Apple Development";
				CODE_SIGN_STYLE = Automatic;
				DEVELOPMENT_TEAM = C6T929VMZT;
				INFOPLIST_FILE = FrenchVoca/Info.plist;
				IPHONEOS_DEPLOYMENT_TARGET = 12.0;
				LD_RUNPATH_SEARCH_PATHS = (
					"$(inherited)",
					"@executable_path/Frameworks",
				);
				MARKETING_VERSION = 1.3.1;
				PRODUCT_BUNDLE_IDENTIFIER = "kr.inswag.FrenchVocaV2-";
				PRODUCT_NAME = "$(TARGET_NAME)";
				PROVISIONING_PROFILE_SPECIFIER = "";
				SWIFT_OBJC_BRIDGING_HEADER = "FrenchVoca/FrenchVoca-Bridging-Header.h";
				SWIFT_VERSION = 5.0;
				TARGETED_DEVICE_FAMILY = 1;
			};
			name = Release;
		};
/* End XCBuildConfiguration section */

/* Begin XCConfigurationList section */
		F91F62D621F93D4A00B80433 /* Build configuration list for PBXProject "FrenchVoca" */ = {
			isa = XCConfigurationList;
			buildConfigurations = (
				F91F62EB21F93D4B00B80433 /* Debug */,
				F91F62EC21F93D4B00B80433 /* Release */,
			);
			defaultConfigurationIsVisible = 0;
			defaultConfigurationName = Release;
		};
		F91F62ED21F93D4B00B80433 /* Build configuration list for PBXNativeTarget "FrenchVoca" */ = {
			isa = XCConfigurationList;
			buildConfigurations = (
				F91F62EE21F93D4B00B80433 /* Debug */,
				F91F62EF21F93D4B00B80433 /* Release */,
			);
			defaultConfigurationIsVisible = 0;
			defaultConfigurationName = Release;
		};
/* End XCConfigurationList section */
	};
	rootObject = F91F62D321F93D4A00B80433 /* Project object */;
}
